
Microsoft Visual Studio Solution File, Format Version 12.00
# Visual Studio Version 17
VisualStudioVersion = 17.4.33103.184
MinimumVisualStudioVersion = 10.0.40219.1
Project("{9A19103F-16F7-4668-BE54-9A1E7A4F7556}") = "DataLayer", "Data\DataLayer.csproj", "{99F25584-CE71-49E9-8329-D222452B9A1A}"
EndProject
Project("{9A19103F-16F7-4668-BE54-9A1E7A4F7556}") = "ViewModels", "ApplicationLogic\ViewModels.csproj", "{0079C8F7-21FC-43CC-975E-0BA4D18F6174}"
EndProject
Project("{9A19103F-16F7-4668-BE54-9A1E7A4F7556}") = "Application", "Application\Application.csproj", "{482C1BA4-5CBA-49D8-B0AA-98D149C2FFFF}"
EndProject
Project("{9A19103F-16F7-4668-BE54-9A1E7A4F7556}") = "Utilities", "Utilities\Utilities.csproj", "{270E8D2A-7C0D-415E-BE83-E27BF1E86390}"
EndProject
Project("{9A19103F-16F7-4668-BE54-9A1E7A4F7556}") = "BackEndAPI", "BackEndAPI\BackEndAPI.csproj", "{247DADEC-00A1-4134-B09D-36645D49D021}"
EndProject
Project("{2150E333-8FDC-42A3-9474-1A3956D46DE8}") = "1. Infrastructure", "1. Infrastructure", "{0E4E7672-96C6-4210-8BC6-95948EE29892}"
EndProject
Project("{2150E333-8FDC-42A3-9474-1A3956D46DE8}") = "2. Domain", "2. Domain", "{9E8875AF-50C5-4357-8DA0-1869DF97B3EC}"
EndProject
Project("{2150E333-8FDC-42A3-9474-1A3956D46DE8}") = "3. Host", "3. Host", "{E755ADA8-505E-4062-9968-D651EAE295D3}"
EndProject
Project("{9A19103F-16F7-4668-BE54-9A1E7A4F7556}") = "Web-admin", "Web-admin\Web-admin.csproj", "{EB80B0A2-E4A0-4937-AE9A-3F272A07F837}"
EndProject
Global
	GlobalSection(SolutionConfigurationPlatforms) = preSolution
		Debug|Any CPU = Debug|Any CPU
		Release|Any CPU = Release|Any CPU
	EndGlobalSection
	GlobalSection(ProjectConfigurationPlatforms) = postSolution
		{99F25584-CE71-49E9-8329-D222452B9A1A}.Debug|Any CPU.ActiveCfg = Debug|Any CPU
		{99F25584-CE71-49E9-8329-D222452B9A1A}.Debug|Any CPU.Build.0 = Debug|Any CPU
		{99F25584-CE71-49E9-8329-D222452B9A1A}.Release|Any CPU.ActiveCfg = Release|Any CPU
		{99F25584-CE71-49E9-8329-D222452B9A1A}.Release|Any CPU.Build.0 = Release|Any CPU
		{0079C8F7-21FC-43CC-975E-0BA4D18F6174}.Debug|Any CPU.ActiveCfg = Debug|Any CPU
		{0079C8F7-21FC-43CC-975E-0BA4D18F6174}.Debug|Any CPU.Build.0 = Debug|Any CPU
		{0079C8F7-21FC-43CC-975E-0BA4D18F6174}.Release|Any CPU.ActiveCfg = Release|Any CPU
		{0079C8F7-21FC-43CC-975E-0BA4D18F6174}.Release|Any CPU.Build.0 = Release|Any CPU
		{482C1BA4-5CBA-49D8-B0AA-98D149C2FFFF}.Debug|Any CPU.ActiveCfg = Debug|Any CPU
		{482C1BA4-5CBA-49D8-B0AA-98D149C2FFFF}.Debug|Any CPU.Build.0 = Debug|Any CPU
		{482C1BA4-5CBA-49D8-B0AA-98D149C2FFFF}.Release|Any CPU.ActiveCfg = Release|Any CPU
		{482C1BA4-5CBA-49D8-B0AA-98D149C2FFFF}.Release|Any CPU.Build.0 = Release|Any CPU
		{270E8D2A-7C0D-415E-BE83-E27BF1E86390}.Debug|Any CPU.ActiveCfg = Debug|Any CPU
		{270E8D2A-7C0D-415E-BE83-E27BF1E86390}.Debug|Any CPU.Build.0 = Debug|Any CPU
		{270E8D2A-7C0D-415E-BE83-E27BF1E86390}.Release|Any CPU.ActiveCfg = Release|Any CPU
		{270E8D2A-7C0D-415E-BE83-E27BF1E86390}.Release|Any CPU.Build.0 = Release|Any CPU
		{247DADEC-00A1-4134-B09D-36645D49D021}.Debug|Any CPU.ActiveCfg = Debug|Any CPU
		{247DADEC-00A1-4134-B09D-36645D49D021}.Debug|Any CPU.Build.0 = Debug|Any CPU
		{247DADEC-00A1-4134-B09D-36645D49D021}.Release|Any CPU.ActiveCfg = Release|Any CPU
		{247DADEC-00A1-4134-B09D-36645D49D021}.Release|Any CPU.Build.0 = Release|Any CPU
		{EB80B0A2-E4A0-4937-AE9A-3F272A07F837}.Debug|Any CPU.ActiveCfg = Debug|Any CPU
		{EB80B0A2-E4A0-4937-AE9A-3F272A07F837}.Debug|Any CPU.Build.0 = Debug|Any CPU
		{EB80B0A2-E4A0-4937-AE9A-3F272A07F837}.Release|Any CPU.ActiveCfg = Release|Any CPU
		{EB80B0A2-E4A0-4937-AE9A-3F272A07F837}.Release|Any CPU.Build.0 = Release|Any CPU
	EndGlobalSection
	GlobalSection(SolutionProperties) = preSolution
		HideSolutionNode = FALSE
	EndGlobalSection
	GlobalSection(NestedProjects) = preSolution
		{99F25584-CE71-49E9-8329-D222452B9A1A} = {9E8875AF-50C5-4357-8DA0-1869DF97B3EC}
		{0079C8F7-21FC-43CC-975E-0BA4D18F6174} = {0E4E7672-96C6-4210-8BC6-95948EE29892}
		{482C1BA4-5CBA-49D8-B0AA-98D149C2FFFF} = {9E8875AF-50C5-4357-8DA0-1869DF97B3EC}
		{270E8D2A-7C0D-415E-BE83-E27BF1E86390} = {0E4E7672-96C6-4210-8BC6-95948EE29892}
		{247DADEC-00A1-4134-B09D-36645D49D021} = {E755ADA8-505E-4062-9968-D651EAE295D3}
		{EB80B0A2-E4A0-4937-AE9A-3F272A07F837} = {E755ADA8-505E-4062-9968-D651EAE295D3}
	EndGlobalSection
	GlobalSection(ExtensibilityGlobals) = postSolution
		SolutionGuid = {18268BF6-4FB2-41E1-91EA-887EA01BE29D}
	EndGlobalSection
EndGlobal
