
Microsoft Visual Studio Solution File, Format Version 12.00
# Visual Studio Version 17
VisualStudioVersion = 17.4.33103.184
MinimumVisualStudioVersion = 10.0.40219.1
Project("{FAE04EC0-301F-11D3-BF4B-00C04F79EFBC}") = "WebApp", "WebApp\WebApp.csproj", "{F67081CE-0C37-4A50-967E-B1A64A508F3F}"
EndProject
Project("{FAE04EC0-301F-11D3-BF4B-00C04F79EFBC}") = "DataLayer", "Data\DataLayer.csproj", "{99F25584-CE71-49E9-8329-D222452B9A1A}"
EndProject
Project("{FAE04EC0-301F-11D3-BF4B-00C04F79EFBC}") = "ApplicationLogic", "ApplicationLogic\ApplicationLogic.csproj", "{0079C8F7-21FC-43CC-975E-0BA4D18F6174}"
EndProject
Global
	GlobalSection(SolutionConfigurationPlatforms) = preSolution
		Debug|Any CPU = Debug|Any CPU
		Release|Any CPU = Release|Any CPU
	EndGlobalSection
	GlobalSection(ProjectConfigurationPlatforms) = postSolution
		{F67081CE-0C37-4A50-967E-B1A64A508F3F}.Debug|Any CPU.ActiveCfg = Debug|Any CPU
		{F67081CE-0C37-4A50-967E-B1A64A508F3F}.Debug|Any CPU.Build.0 = Debug|Any CPU
		{F67081CE-0C37-4A50-967E-B1A64A508F3F}.Release|Any CPU.ActiveCfg = Release|Any CPU
		{F67081CE-0C37-4A50-967E-B1A64A508F3F}.Release|Any CPU.Build.0 = Release|Any CPU
		{99F25584-CE71-49E9-8329-D222452B9A1A}.Debug|Any CPU.ActiveCfg = Debug|Any CPU
		{99F25584-CE71-49E9-8329-D222452B9A1A}.Debug|Any CPU.Build.0 = Debug|Any CPU
		{99F25584-CE71-49E9-8329-D222452B9A1A}.Release|Any CPU.ActiveCfg = Release|Any CPU
		{99F25584-CE71-49E9-8329-D222452B9A1A}.Release|Any CPU.Build.0 = Release|Any CPU
		{0079C8F7-21FC-43CC-975E-0BA4D18F6174}.Debug|Any CPU.ActiveCfg = Debug|Any CPU
		{0079C8F7-21FC-43CC-975E-0BA4D18F6174}.Debug|Any CPU.Build.0 = Debug|Any CPU
		{0079C8F7-21FC-43CC-975E-0BA4D18F6174}.Release|Any CPU.ActiveCfg = Release|Any CPU
		{0079C8F7-21FC-43CC-975E-0BA4D18F6174}.Release|Any CPU.Build.0 = Release|Any CPU
	EndGlobalSection
	GlobalSection(SolutionProperties) = preSolution
		HideSolutionNode = FALSE
	EndGlobalSection
	GlobalSection(ExtensibilityGlobals) = postSolution
		SolutionGuid = {18268BF6-4FB2-41E1-91EA-887EA01BE29D}
	EndGlobalSection
EndGlobal
